
Microsoft Visual Studio Solution File, Format Version 12.00
# Visual Studio Version 17
VisualStudioVersion = 17.8.34330.188
MinimumVisualStudioVersion = 10.0.40219.1
Project("{9A19103F-16F7-4668-BE54-9A1E7A4F7556}") = "HelloWorld", "HelloWorld\HelloWorld.csproj", "{6D7FE503-A7B7-48F5-A09C-754A0AED7166}"
EndProject
Project("{9A19103F-16F7-4668-BE54-9A1E7A4F7556}") = "HelloWorldNet5", "HelloWorldNet5\HelloWorldNet5.csproj", "{3D9A167C-8081-4354-8266-20471F64D866}"
EndProject
Project("{9A19103F-16F7-4668-BE54-9A1E7A4F7556}") = "ConsolePractice", "ConsolePractice\ConsolePractice.csproj", "{3972A559-5A16-43C9-A1E3-5C743A1799D8}"
EndProject
Project("{9A19103F-16F7-4668-BE54-9A1E7A4F7556}") = "PlannedConsoleApp", "PlannedConsoleApp\PlannedConsoleApp.csproj", "{ED1C4A94-46A2-4E96-9167-C906CB4D80EB}"
EndProject
Project("{9A19103F-16F7-4668-BE54-9A1E7A4F7556}") = "StringPractice", "StringPractice\StringPractice.csproj", "{D0FCBE87-0139-431C-B75F-B0380D2A1B80}"
EndProject
Project("{9A19103F-16F7-4668-BE54-9A1E7A4F7556}") = "IntPractice", "IntPractice\IntPractice.csproj", "{1D54ABB7-D911-4005-B141-13E566494E00}"
EndProject
Project("{9A19103F-16F7-4668-BE54-9A1E7A4F7556}") = "DoublePractice", "DoublePractice\DoublePractice.csproj", "{AB018EBD-0C16-4E3E-AE78-B06E843ECE34}"
EndProject
Project("{9A19103F-16F7-4668-BE54-9A1E7A4F7556}") = "DecimalPractice", "DecimalPractice\DecimalPractice.csproj", "{F0D74E30-5825-459C-B8BC-79F8D595598D}"
EndProject
Project("{9A19103F-16F7-4668-BE54-9A1E7A4F7556}") = "BoolAndNullPractice", "BoolAndNullPractice\BoolAndNullPractice.csproj", "{97B5D787-EF40-4402-81C1-C349C25BA6D6}"
EndProject
Project("{9A19103F-16F7-4668-BE54-9A1E7A4F7556}") = "VariablesHomework", "VariablesHomework\VariablesHomework.csproj", "{B1ABD347-679B-41F2-A8B3-04A09F5C9FAC}"
EndProject
Project("{9A19103F-16F7-4668-BE54-9A1E7A4F7556}") = "DateTimePractice", "DateTimePractice\DateTimePractice.csproj", "{5576DD51-1D82-4F4D-90FF-F10CDAEA1EDB}"
EndProject
Project("{9A19103F-16F7-4668-BE54-9A1E7A4F7556}") = "DateOnlyTimeOnlyPractice", "DateOnlyTimeOnlyPractice\DateOnlyTimeOnlyPractice.csproj", "{DEDE33A7-174C-4D99-A228-C4368F7C4D84}"
EndProject
Project("{9A19103F-16F7-4668-BE54-9A1E7A4F7556}") = "TypeConversionsPractice", "TypeConversionsPractice\TypeConversionsPractice.csproj", "{2622ADE0-0692-4221-83E5-F3CAC19D61E7}"
EndProject
Project("{9A19103F-16F7-4668-BE54-9A1E7A4F7556}") = "TypeConversionsHomework", "TypeConversionsHomework\TypeConversionsHomework.csproj", "{1A47C11F-27A7-4009-808F-32897077E583}"
EndProject
Project("{9A19103F-16F7-4668-BE54-9A1E7A4F7556}") = "BasicIfStatementsPractice", "BasicIfStatementsPractice\BasicIfStatementsPractice.csproj", "{4F039EAD-4579-4D55-ACA8-FA4FF6C95F5F}"
EndProject
Project("{9A19103F-16F7-4668-BE54-9A1E7A4F7556}") = "SwitchPractice", "SwitchPractice\SwitchPractice.csproj", "{5821C227-F330-4E5B-9A3E-55CC5984F9C6}"
EndProject
Project("{9A19103F-16F7-4668-BE54-9A1E7A4F7556}") = "ConditionalStatementsHomework", "ConditionalStatementsHomework\ConditionalStatementsHomework.csproj", "{495CA7F8-D258-467B-BAAF-A7E3E60D7628}"
EndProject
Project("{9A19103F-16F7-4668-BE54-9A1E7A4F7556}") = "StudentCheckMiniProject", "StudentCheckMiniProject\StudentCheckMiniProject.csproj", "{30CDF14D-16A9-4449-BD57-FC121C345209}"
EndProject
Project("{9A19103F-16F7-4668-BE54-9A1E7A4F7556}") = "WhileLoopHomework", "WhileLoopHomework\WhileLoopHomework.csproj", "{CEBB7C46-765F-428A-8A72-5F65095965DE}"
EndProject
Project("{9A19103F-16F7-4668-BE54-9A1E7A4F7556}") = "ArraysHomework", "ArraysHomework\ArraysHomework.csproj", "{E4F1740A-3763-4C4F-834B-50EB7CA44E30}"
EndProject
Project("{9A19103F-16F7-4668-BE54-9A1E7A4F7556}") = "ListsHomework", "ListsHomework\ListsHomework.csproj", "{3E299D1B-E3D9-469B-8B45-D668B387DEBA}"
EndProject
Project("{9A19103F-16F7-4668-BE54-9A1E7A4F7556}") = "DictionariesHomework", "DictionariesHomework\DictionariesHomework.csproj", "{B474F3BC-FF76-4581-BF0F-93E68B709A97}"
EndProject
Project("{9A19103F-16F7-4668-BE54-9A1E7A4F7556}") = "ForLoopsHomework", "ForLoopsHomework\ForLoopsHomework.csproj", "{7A8BEAFB-4E83-4CC3-B011-2BD3A8100F4E}"
EndProject
Project("{9A19103F-16F7-4668-BE54-9A1E7A4F7556}") = "TuplesPractice", "TuplesPractice\TuplesPractice.csproj", "{9F587B38-ECB7-4606-A2FB-87D3EFF89540}"
EndProject
Project("{9A19103F-16F7-4668-BE54-9A1E7A4F7556}") = "MethodsHomework", "MethodsHomework\MethodsHomework.csproj", "{155076EA-AC21-40B0-BC66-51FAE5870F93}"
EndProject
Project("{9A19103F-16F7-4668-BE54-9A1E7A4F7556}") = "GuestBookMiniProject", "GuestBookMiniProject\GuestBookMiniProject.csproj", "{E5A58983-EB97-4EE0-A5B3-2AE6601285A4}"
EndProject
Project("{9A19103F-16F7-4668-BE54-9A1E7A4F7556}") = "BreakpointsPractice", "BreakpointsPractice\BreakpointsPractice.csproj", "{EA48AB69-6466-483B-8382-6F5CFA43C23F}"
EndProject
Project("{9A19103F-16F7-4668-BE54-9A1E7A4F7556}") = "ExceptionsPractice", "ExceptionsPractice\ExceptionsPractice.csproj", "{F685CAD6-E5BF-4B24-972B-2F6805E0BD63}"
EndProject
Project("{9A19103F-16F7-4668-BE54-9A1E7A4F7556}") = "ConsoleRequestDataLibrary", "ConsoleRequestDataLibrary\ConsoleRequestDataLibrary.csproj", "{73F4D252-40DA-4DF6-AAA1-FDBF6BB95DA4}"
EndProject
Project("{9A19103F-16F7-4668-BE54-9A1E7A4F7556}") = "InstantiatedClassesHomework", "InstantiatedClassesHomework\InstantiatedClassesHomework.csproj", "{703EBB98-D01C-43DD-A028-ED6D89345C22}"
EndProject
Project("{2150E333-8FDC-42A3-9474-1A3956D46DE8}") = "Battleships", "Battleships", "{9B0DA667-8E50-4261-A390-1F1421D65527}"
EndProject
Project("{FAE04EC0-301F-11D3-BF4B-00C04F79EFBC}") = "BattleshipsUI", "BattleshipsUI\BattleshipsUI.csproj", "{F43ABD22-701A-416D-9125-7A05EF84AC22}"
EndProject
Project("{FAE04EC0-301F-11D3-BF4B-00C04F79EFBC}") = "BattleshipsLibrary", "BattleshipsLibrary\BattleshipsLibrary.csproj", "{AE9F898F-619C-425F-9E13-7FF503D6F813}"
EndProject
Project("{2150E333-8FDC-42A3-9474-1A3956D46DE8}") = "OOP2", "OOP2", "{912E3A31-2C49-4486-A109-933A2F2DAF5B}"
EndProject
Project("{FAE04EC0-301F-11D3-BF4B-00C04F79EFBC}") = "InheritanceHomework", "InheritanceHomework\InheritanceHomework.csproj", "{4AA89C5F-9541-4E3C-A391-6F3C1706FE60}"
EndProject
Project("{FAE04EC0-301F-11D3-BF4B-00C04F79EFBC}") = "InterfacesHomework", "InterfacesHomework\InterfacesHomework.csproj", "{06CDDE52-7E68-42AF-9C4B-DBDCC58DA941}"
EndProject
Project("{FAE04EC0-301F-11D3-BF4B-00C04F79EFBC}") = "InheritanceMiniProject", "InheritanceMiniProject\InheritanceMiniProject.csproj", "{71C228D8-606C-430F-9F5E-ACB696BBA674}"
EndProject
Project("{2150E333-8FDC-42A3-9474-1A3956D46DE8}") = "CommonVariables", "CommonVariables", "{97D50DF1-C403-49C8-B9B7-E44699AEF0FF}"
EndProject
Project("{2150E333-8FDC-42A3-9474-1A3956D46DE8}") = "Conditionals", "Conditionals", "{C727680F-5F5C-4C20-9223-B414F388F18E}"
EndProject
Project("{2150E333-8FDC-42A3-9474-1A3956D46DE8}") = "MPStudentCheck", "MPStudentCheck", "{E5F69959-1851-47E2-947F-1EE3B833A953}"
EndProject
Project("{2150E333-8FDC-42A3-9474-1A3956D46DE8}") = "LoopsAndSets", "LoopsAndSets", "{D6C1523B-ACCF-4CE0-857C-F7754C4C7E76}"
EndProject
Project("{2150E333-8FDC-42A3-9474-1A3956D46DE8}") = "Methods", "Methods", "{ECD9E783-4097-4816-8F9E-3ED1B925A319}"
EndProject
Project("{2150E333-8FDC-42A3-9474-1A3956D46DE8}") = "MPGuestBook", "MPGuestBook", "{E5706096-B18B-4001-A30C-B02236D4A697}"
EndProject
Project("{2150E333-8FDC-42A3-9474-1A3956D46DE8}") = "Debugging", "Debugging", "{4217BD1A-2712-409A-94DC-D494289D7F91}"
EndProject
Project("{2150E333-8FDC-42A3-9474-1A3956D46DE8}") = "OOP1", "OOP1", "{4B4E9A90-BAAA-47F3-A70D-F9A4B9D6E645}"
EndProject
Project("{2150E333-8FDC-42A3-9474-1A3956D46DE8}") = "GettingStarted", "GettingStarted", "{673B6C66-4E18-4CE1-AF95-697E34F9244A}"
EndProject
Project("{2150E333-8FDC-42A3-9474-1A3956D46DE8}") = "AccessModifiersHomework", "AccessModifiersHomework", "{3D09AC9E-48EB-4266-A8F5-5F844FBD548A}"
EndProject
Project("{FAE04EC0-301F-11D3-BF4B-00C04F79EFBC}") = "AMConsole", "AMConsole\AMConsole.csproj", "{2BFBEC08-A1E7-493B-A0AB-FB101B4811B7}"
EndProject
Project("{FAE04EC0-301F-11D3-BF4B-00C04F79EFBC}") = "AMLibrary", "AMLibrary\AMLibrary.csproj", "{FCAE8810-0735-4A82-942C-C7A802233A2F}"
EndProject
Project("{FAE04EC0-301F-11D3-BF4B-00C04F79EFBC}") = "AbstractClassesHomework", "AbstractClassesHomework\AbstractClassesHomework.csproj", "{975CC78A-FD7B-4411-AA72-25BACF22342A}"
EndProject
Global
	GlobalSection(SolutionConfigurationPlatforms) = preSolution
		Debug|Any CPU = Debug|Any CPU
		Release|Any CPU = Release|Any CPU
	EndGlobalSection
	GlobalSection(ProjectConfigurationPlatforms) = postSolution
		{6D7FE503-A7B7-48F5-A09C-754A0AED7166}.Debug|Any CPU.ActiveCfg = Debug|Any CPU
		{6D7FE503-A7B7-48F5-A09C-754A0AED7166}.Debug|Any CPU.Build.0 = Debug|Any CPU
		{6D7FE503-A7B7-48F5-A09C-754A0AED7166}.Release|Any CPU.ActiveCfg = Release|Any CPU
		{6D7FE503-A7B7-48F5-A09C-754A0AED7166}.Release|Any CPU.Build.0 = Release|Any CPU
		{3D9A167C-8081-4354-8266-20471F64D866}.Debug|Any CPU.ActiveCfg = Debug|Any CPU
		{3D9A167C-8081-4354-8266-20471F64D866}.Debug|Any CPU.Build.0 = Debug|Any CPU
		{3D9A167C-8081-4354-8266-20471F64D866}.Release|Any CPU.ActiveCfg = Release|Any CPU
		{3D9A167C-8081-4354-8266-20471F64D866}.Release|Any CPU.Build.0 = Release|Any CPU
		{3972A559-5A16-43C9-A1E3-5C743A1799D8}.Debug|Any CPU.ActiveCfg = Debug|Any CPU
		{3972A559-5A16-43C9-A1E3-5C743A1799D8}.Debug|Any CPU.Build.0 = Debug|Any CPU
		{3972A559-5A16-43C9-A1E3-5C743A1799D8}.Release|Any CPU.ActiveCfg = Release|Any CPU
		{3972A559-5A16-43C9-A1E3-5C743A1799D8}.Release|Any CPU.Build.0 = Release|Any CPU
		{ED1C4A94-46A2-4E96-9167-C906CB4D80EB}.Debug|Any CPU.ActiveCfg = Debug|Any CPU
		{ED1C4A94-46A2-4E96-9167-C906CB4D80EB}.Debug|Any CPU.Build.0 = Debug|Any CPU
		{ED1C4A94-46A2-4E96-9167-C906CB4D80EB}.Release|Any CPU.ActiveCfg = Release|Any CPU
		{ED1C4A94-46A2-4E96-9167-C906CB4D80EB}.Release|Any CPU.Build.0 = Release|Any CPU
		{D0FCBE87-0139-431C-B75F-B0380D2A1B80}.Debug|Any CPU.ActiveCfg = Debug|Any CPU
		{D0FCBE87-0139-431C-B75F-B0380D2A1B80}.Debug|Any CPU.Build.0 = Debug|Any CPU
		{D0FCBE87-0139-431C-B75F-B0380D2A1B80}.Release|Any CPU.ActiveCfg = Release|Any CPU
		{D0FCBE87-0139-431C-B75F-B0380D2A1B80}.Release|Any CPU.Build.0 = Release|Any CPU
		{1D54ABB7-D911-4005-B141-13E566494E00}.Debug|Any CPU.ActiveCfg = Debug|Any CPU
		{1D54ABB7-D911-4005-B141-13E566494E00}.Debug|Any CPU.Build.0 = Debug|Any CPU
		{1D54ABB7-D911-4005-B141-13E566494E00}.Release|Any CPU.ActiveCfg = Release|Any CPU
		{1D54ABB7-D911-4005-B141-13E566494E00}.Release|Any CPU.Build.0 = Release|Any CPU
		{AB018EBD-0C16-4E3E-AE78-B06E843ECE34}.Debug|Any CPU.ActiveCfg = Debug|Any CPU
		{AB018EBD-0C16-4E3E-AE78-B06E843ECE34}.Debug|Any CPU.Build.0 = Debug|Any CPU
		{AB018EBD-0C16-4E3E-AE78-B06E843ECE34}.Release|Any CPU.ActiveCfg = Release|Any CPU
		{AB018EBD-0C16-4E3E-AE78-B06E843ECE34}.Release|Any CPU.Build.0 = Release|Any CPU
		{F0D74E30-5825-459C-B8BC-79F8D595598D}.Debug|Any CPU.ActiveCfg = Debug|Any CPU
		{F0D74E30-5825-459C-B8BC-79F8D595598D}.Debug|Any CPU.Build.0 = Debug|Any CPU
		{F0D74E30-5825-459C-B8BC-79F8D595598D}.Release|Any CPU.ActiveCfg = Release|Any CPU
		{F0D74E30-5825-459C-B8BC-79F8D595598D}.Release|Any CPU.Build.0 = Release|Any CPU
		{97B5D787-EF40-4402-81C1-C349C25BA6D6}.Debug|Any CPU.ActiveCfg = Debug|Any CPU
		{97B5D787-EF40-4402-81C1-C349C25BA6D6}.Debug|Any CPU.Build.0 = Debug|Any CPU
		{97B5D787-EF40-4402-81C1-C349C25BA6D6}.Release|Any CPU.ActiveCfg = Release|Any CPU
		{97B5D787-EF40-4402-81C1-C349C25BA6D6}.Release|Any CPU.Build.0 = Release|Any CPU
		{B1ABD347-679B-41F2-A8B3-04A09F5C9FAC}.Debug|Any CPU.ActiveCfg = Debug|Any CPU
		{B1ABD347-679B-41F2-A8B3-04A09F5C9FAC}.Debug|Any CPU.Build.0 = Debug|Any CPU
		{B1ABD347-679B-41F2-A8B3-04A09F5C9FAC}.Release|Any CPU.ActiveCfg = Release|Any CPU
		{B1ABD347-679B-41F2-A8B3-04A09F5C9FAC}.Release|Any CPU.Build.0 = Release|Any CPU
		{5576DD51-1D82-4F4D-90FF-F10CDAEA1EDB}.Debug|Any CPU.ActiveCfg = Debug|Any CPU
		{5576DD51-1D82-4F4D-90FF-F10CDAEA1EDB}.Debug|Any CPU.Build.0 = Debug|Any CPU
		{5576DD51-1D82-4F4D-90FF-F10CDAEA1EDB}.Release|Any CPU.ActiveCfg = Release|Any CPU
		{5576DD51-1D82-4F4D-90FF-F10CDAEA1EDB}.Release|Any CPU.Build.0 = Release|Any CPU
		{DEDE33A7-174C-4D99-A228-C4368F7C4D84}.Debug|Any CPU.ActiveCfg = Debug|Any CPU
		{DEDE33A7-174C-4D99-A228-C4368F7C4D84}.Debug|Any CPU.Build.0 = Debug|Any CPU
		{DEDE33A7-174C-4D99-A228-C4368F7C4D84}.Release|Any CPU.ActiveCfg = Release|Any CPU
		{DEDE33A7-174C-4D99-A228-C4368F7C4D84}.Release|Any CPU.Build.0 = Release|Any CPU
		{2622ADE0-0692-4221-83E5-F3CAC19D61E7}.Debug|Any CPU.ActiveCfg = Debug|Any CPU
		{2622ADE0-0692-4221-83E5-F3CAC19D61E7}.Debug|Any CPU.Build.0 = Debug|Any CPU
		{2622ADE0-0692-4221-83E5-F3CAC19D61E7}.Release|Any CPU.ActiveCfg = Release|Any CPU
		{2622ADE0-0692-4221-83E5-F3CAC19D61E7}.Release|Any CPU.Build.0 = Release|Any CPU
		{1A47C11F-27A7-4009-808F-32897077E583}.Debug|Any CPU.ActiveCfg = Debug|Any CPU
		{1A47C11F-27A7-4009-808F-32897077E583}.Debug|Any CPU.Build.0 = Debug|Any CPU
		{1A47C11F-27A7-4009-808F-32897077E583}.Release|Any CPU.ActiveCfg = Release|Any CPU
		{1A47C11F-27A7-4009-808F-32897077E583}.Release|Any CPU.Build.0 = Release|Any CPU
		{4F039EAD-4579-4D55-ACA8-FA4FF6C95F5F}.Debug|Any CPU.ActiveCfg = Debug|Any CPU
		{4F039EAD-4579-4D55-ACA8-FA4FF6C95F5F}.Debug|Any CPU.Build.0 = Debug|Any CPU
		{4F039EAD-4579-4D55-ACA8-FA4FF6C95F5F}.Release|Any CPU.ActiveCfg = Release|Any CPU
		{4F039EAD-4579-4D55-ACA8-FA4FF6C95F5F}.Release|Any CPU.Build.0 = Release|Any CPU
		{5821C227-F330-4E5B-9A3E-55CC5984F9C6}.Debug|Any CPU.ActiveCfg = Debug|Any CPU
		{5821C227-F330-4E5B-9A3E-55CC5984F9C6}.Debug|Any CPU.Build.0 = Debug|Any CPU
		{5821C227-F330-4E5B-9A3E-55CC5984F9C6}.Release|Any CPU.ActiveCfg = Release|Any CPU
		{5821C227-F330-4E5B-9A3E-55CC5984F9C6}.Release|Any CPU.Build.0 = Release|Any CPU
		{495CA7F8-D258-467B-BAAF-A7E3E60D7628}.Debug|Any CPU.ActiveCfg = Debug|Any CPU
		{495CA7F8-D258-467B-BAAF-A7E3E60D7628}.Debug|Any CPU.Build.0 = Debug|Any CPU
		{495CA7F8-D258-467B-BAAF-A7E3E60D7628}.Release|Any CPU.ActiveCfg = Release|Any CPU
		{495CA7F8-D258-467B-BAAF-A7E3E60D7628}.Release|Any CPU.Build.0 = Release|Any CPU
		{30CDF14D-16A9-4449-BD57-FC121C345209}.Debug|Any CPU.ActiveCfg = Debug|Any CPU
		{30CDF14D-16A9-4449-BD57-FC121C345209}.Debug|Any CPU.Build.0 = Debug|Any CPU
		{30CDF14D-16A9-4449-BD57-FC121C345209}.Release|Any CPU.ActiveCfg = Release|Any CPU
		{30CDF14D-16A9-4449-BD57-FC121C345209}.Release|Any CPU.Build.0 = Release|Any CPU
		{CEBB7C46-765F-428A-8A72-5F65095965DE}.Debug|Any CPU.ActiveCfg = Debug|Any CPU
		{CEBB7C46-765F-428A-8A72-5F65095965DE}.Debug|Any CPU.Build.0 = Debug|Any CPU
		{CEBB7C46-765F-428A-8A72-5F65095965DE}.Release|Any CPU.ActiveCfg = Release|Any CPU
		{CEBB7C46-765F-428A-8A72-5F65095965DE}.Release|Any CPU.Build.0 = Release|Any CPU
		{E4F1740A-3763-4C4F-834B-50EB7CA44E30}.Debug|Any CPU.ActiveCfg = Debug|Any CPU
		{E4F1740A-3763-4C4F-834B-50EB7CA44E30}.Debug|Any CPU.Build.0 = Debug|Any CPU
		{E4F1740A-3763-4C4F-834B-50EB7CA44E30}.Release|Any CPU.ActiveCfg = Release|Any CPU
		{E4F1740A-3763-4C4F-834B-50EB7CA44E30}.Release|Any CPU.Build.0 = Release|Any CPU
		{3E299D1B-E3D9-469B-8B45-D668B387DEBA}.Debug|Any CPU.ActiveCfg = Debug|Any CPU
		{3E299D1B-E3D9-469B-8B45-D668B387DEBA}.Debug|Any CPU.Build.0 = Debug|Any CPU
		{3E299D1B-E3D9-469B-8B45-D668B387DEBA}.Release|Any CPU.ActiveCfg = Release|Any CPU
		{3E299D1B-E3D9-469B-8B45-D668B387DEBA}.Release|Any CPU.Build.0 = Release|Any CPU
		{B474F3BC-FF76-4581-BF0F-93E68B709A97}.Debug|Any CPU.ActiveCfg = Debug|Any CPU
		{B474F3BC-FF76-4581-BF0F-93E68B709A97}.Debug|Any CPU.Build.0 = Debug|Any CPU
		{B474F3BC-FF76-4581-BF0F-93E68B709A97}.Release|Any CPU.ActiveCfg = Release|Any CPU
		{B474F3BC-FF76-4581-BF0F-93E68B709A97}.Release|Any CPU.Build.0 = Release|Any CPU
		{7A8BEAFB-4E83-4CC3-B011-2BD3A8100F4E}.Debug|Any CPU.ActiveCfg = Debug|Any CPU
		{7A8BEAFB-4E83-4CC3-B011-2BD3A8100F4E}.Debug|Any CPU.Build.0 = Debug|Any CPU
		{7A8BEAFB-4E83-4CC3-B011-2BD3A8100F4E}.Release|Any CPU.ActiveCfg = Release|Any CPU
		{7A8BEAFB-4E83-4CC3-B011-2BD3A8100F4E}.Release|Any CPU.Build.0 = Release|Any CPU
		{9F587B38-ECB7-4606-A2FB-87D3EFF89540}.Debug|Any CPU.ActiveCfg = Debug|Any CPU
		{9F587B38-ECB7-4606-A2FB-87D3EFF89540}.Debug|Any CPU.Build.0 = Debug|Any CPU
		{9F587B38-ECB7-4606-A2FB-87D3EFF89540}.Release|Any CPU.ActiveCfg = Release|Any CPU
		{9F587B38-ECB7-4606-A2FB-87D3EFF89540}.Release|Any CPU.Build.0 = Release|Any CPU
		{155076EA-AC21-40B0-BC66-51FAE5870F93}.Debug|Any CPU.ActiveCfg = Debug|Any CPU
		{155076EA-AC21-40B0-BC66-51FAE5870F93}.Debug|Any CPU.Build.0 = Debug|Any CPU
		{155076EA-AC21-40B0-BC66-51FAE5870F93}.Release|Any CPU.ActiveCfg = Release|Any CPU
		{155076EA-AC21-40B0-BC66-51FAE5870F93}.Release|Any CPU.Build.0 = Release|Any CPU
		{E5A58983-EB97-4EE0-A5B3-2AE6601285A4}.Debug|Any CPU.ActiveCfg = Debug|Any CPU
		{E5A58983-EB97-4EE0-A5B3-2AE6601285A4}.Debug|Any CPU.Build.0 = Debug|Any CPU
		{E5A58983-EB97-4EE0-A5B3-2AE6601285A4}.Release|Any CPU.ActiveCfg = Release|Any CPU
		{E5A58983-EB97-4EE0-A5B3-2AE6601285A4}.Release|Any CPU.Build.0 = Release|Any CPU
		{EA48AB69-6466-483B-8382-6F5CFA43C23F}.Debug|Any CPU.ActiveCfg = Debug|Any CPU
		{EA48AB69-6466-483B-8382-6F5CFA43C23F}.Debug|Any CPU.Build.0 = Debug|Any CPU
		{EA48AB69-6466-483B-8382-6F5CFA43C23F}.Release|Any CPU.ActiveCfg = Release|Any CPU
		{EA48AB69-6466-483B-8382-6F5CFA43C23F}.Release|Any CPU.Build.0 = Release|Any CPU
		{F685CAD6-E5BF-4B24-972B-2F6805E0BD63}.Debug|Any CPU.ActiveCfg = Debug|Any CPU
		{F685CAD6-E5BF-4B24-972B-2F6805E0BD63}.Debug|Any CPU.Build.0 = Debug|Any CPU
		{F685CAD6-E5BF-4B24-972B-2F6805E0BD63}.Release|Any CPU.ActiveCfg = Release|Any CPU
		{F685CAD6-E5BF-4B24-972B-2F6805E0BD63}.Release|Any CPU.Build.0 = Release|Any CPU
		{73F4D252-40DA-4DF6-AAA1-FDBF6BB95DA4}.Debug|Any CPU.ActiveCfg = Debug|Any CPU
		{73F4D252-40DA-4DF6-AAA1-FDBF6BB95DA4}.Debug|Any CPU.Build.0 = Debug|Any CPU
		{73F4D252-40DA-4DF6-AAA1-FDBF6BB95DA4}.Release|Any CPU.ActiveCfg = Release|Any CPU
		{73F4D252-40DA-4DF6-AAA1-FDBF6BB95DA4}.Release|Any CPU.Build.0 = Release|Any CPU
		{703EBB98-D01C-43DD-A028-ED6D89345C22}.Debug|Any CPU.ActiveCfg = Debug|Any CPU
		{703EBB98-D01C-43DD-A028-ED6D89345C22}.Debug|Any CPU.Build.0 = Debug|Any CPU
		{703EBB98-D01C-43DD-A028-ED6D89345C22}.Release|Any CPU.ActiveCfg = Release|Any CPU
		{703EBB98-D01C-43DD-A028-ED6D89345C22}.Release|Any CPU.Build.0 = Release|Any CPU
		{F43ABD22-701A-416D-9125-7A05EF84AC22}.Debug|Any CPU.ActiveCfg = Debug|Any CPU
		{F43ABD22-701A-416D-9125-7A05EF84AC22}.Debug|Any CPU.Build.0 = Debug|Any CPU
		{F43ABD22-701A-416D-9125-7A05EF84AC22}.Release|Any CPU.ActiveCfg = Release|Any CPU
		{F43ABD22-701A-416D-9125-7A05EF84AC22}.Release|Any CPU.Build.0 = Release|Any CPU
		{AE9F898F-619C-425F-9E13-7FF503D6F813}.Debug|Any CPU.ActiveCfg = Debug|Any CPU
		{AE9F898F-619C-425F-9E13-7FF503D6F813}.Debug|Any CPU.Build.0 = Debug|Any CPU
		{AE9F898F-619C-425F-9E13-7FF503D6F813}.Release|Any CPU.ActiveCfg = Release|Any CPU
		{AE9F898F-619C-425F-9E13-7FF503D6F813}.Release|Any CPU.Build.0 = Release|Any CPU
		{4AA89C5F-9541-4E3C-A391-6F3C1706FE60}.Debug|Any CPU.ActiveCfg = Debug|Any CPU
		{4AA89C5F-9541-4E3C-A391-6F3C1706FE60}.Debug|Any CPU.Build.0 = Debug|Any CPU
		{4AA89C5F-9541-4E3C-A391-6F3C1706FE60}.Release|Any CPU.ActiveCfg = Release|Any CPU
		{4AA89C5F-9541-4E3C-A391-6F3C1706FE60}.Release|Any CPU.Build.0 = Release|Any CPU
		{06CDDE52-7E68-42AF-9C4B-DBDCC58DA941}.Debug|Any CPU.ActiveCfg = Debug|Any CPU
		{06CDDE52-7E68-42AF-9C4B-DBDCC58DA941}.Debug|Any CPU.Build.0 = Debug|Any CPU
		{06CDDE52-7E68-42AF-9C4B-DBDCC58DA941}.Release|Any CPU.ActiveCfg = Release|Any CPU
		{06CDDE52-7E68-42AF-9C4B-DBDCC58DA941}.Release|Any CPU.Build.0 = Release|Any CPU
		{71C228D8-606C-430F-9F5E-ACB696BBA674}.Debug|Any CPU.ActiveCfg = Debug|Any CPU
		{71C228D8-606C-430F-9F5E-ACB696BBA674}.Debug|Any CPU.Build.0 = Debug|Any CPU
		{71C228D8-606C-430F-9F5E-ACB696BBA674}.Release|Any CPU.ActiveCfg = Release|Any CPU
		{71C228D8-606C-430F-9F5E-ACB696BBA674}.Release|Any CPU.Build.0 = Release|Any CPU
		{2BFBEC08-A1E7-493B-A0AB-FB101B4811B7}.Debug|Any CPU.ActiveCfg = Debug|Any CPU
		{2BFBEC08-A1E7-493B-A0AB-FB101B4811B7}.Debug|Any CPU.Build.0 = Debug|Any CPU
		{2BFBEC08-A1E7-493B-A0AB-FB101B4811B7}.Release|Any CPU.ActiveCfg = Release|Any CPU
		{2BFBEC08-A1E7-493B-A0AB-FB101B4811B7}.Release|Any CPU.Build.0 = Release|Any CPU
		{FCAE8810-0735-4A82-942C-C7A802233A2F}.Debug|Any CPU.ActiveCfg = Debug|Any CPU
		{FCAE8810-0735-4A82-942C-C7A802233A2F}.Debug|Any CPU.Build.0 = Debug|Any CPU
		{FCAE8810-0735-4A82-942C-C7A802233A2F}.Release|Any CPU.ActiveCfg = Release|Any CPU
		{FCAE8810-0735-4A82-942C-C7A802233A2F}.Release|Any CPU.Build.0 = Release|Any CPU
		{975CC78A-FD7B-4411-AA72-25BACF22342A}.Debug|Any CPU.ActiveCfg = Debug|Any CPU
		{975CC78A-FD7B-4411-AA72-25BACF22342A}.Debug|Any CPU.Build.0 = Debug|Any CPU
		{975CC78A-FD7B-4411-AA72-25BACF22342A}.Release|Any CPU.ActiveCfg = Release|Any CPU
		{975CC78A-FD7B-4411-AA72-25BACF22342A}.Release|Any CPU.Build.0 = Release|Any CPU
	EndGlobalSection
	GlobalSection(SolutionProperties) = preSolution
		HideSolutionNode = FALSE
	EndGlobalSection
	GlobalSection(ExtensibilityGlobals) = postSolution
		SolutionGuid = {66D2C3C3-C8F7-4AE8-BEA4-C5615744E94B}
	EndGlobalSection
	GlobalSection(NestedProjects) = preSolution
		{F43ABD22-701A-416D-9125-7A05EF84AC22} = {9B0DA667-8E50-4261-A390-1F1421D65527}
		{AE9F898F-619C-425F-9E13-7FF503D6F813} = {9B0DA667-8E50-4261-A390-1F1421D65527}
		{4AA89C5F-9541-4E3C-A391-6F3C1706FE60} = {912E3A31-2C49-4486-A109-933A2F2DAF5B}
		{06CDDE52-7E68-42AF-9C4B-DBDCC58DA941} = {912E3A31-2C49-4486-A109-933A2F2DAF5B}
		{71C228D8-606C-430F-9F5E-ACB696BBA674} = {912E3A31-2C49-4486-A109-933A2F2DAF5B}
		{D0FCBE87-0139-431C-B75F-B0380D2A1B80} = {97D50DF1-C403-49C8-B9B7-E44699AEF0FF}
		{B1ABD347-679B-41F2-A8B3-04A09F5C9FAC} = {97D50DF1-C403-49C8-B9B7-E44699AEF0FF}
		{1D54ABB7-D911-4005-B141-13E566494E00} = {97D50DF1-C403-49C8-B9B7-E44699AEF0FF}
		{AB018EBD-0C16-4E3E-AE78-B06E843ECE34} = {97D50DF1-C403-49C8-B9B7-E44699AEF0FF}
		{F0D74E30-5825-459C-B8BC-79F8D595598D} = {97D50DF1-C403-49C8-B9B7-E44699AEF0FF}
		{5576DD51-1D82-4F4D-90FF-F10CDAEA1EDB} = {97D50DF1-C403-49C8-B9B7-E44699AEF0FF}
		{DEDE33A7-174C-4D99-A228-C4368F7C4D84} = {97D50DF1-C403-49C8-B9B7-E44699AEF0FF}
		{97B5D787-EF40-4402-81C1-C349C25BA6D6} = {97D50DF1-C403-49C8-B9B7-E44699AEF0FF}
		{1A47C11F-27A7-4009-808F-32897077E583} = {97D50DF1-C403-49C8-B9B7-E44699AEF0FF}
		{2622ADE0-0692-4221-83E5-F3CAC19D61E7} = {97D50DF1-C403-49C8-B9B7-E44699AEF0FF}
		{4F039EAD-4579-4D55-ACA8-FA4FF6C95F5F} = {C727680F-5F5C-4C20-9223-B414F388F18E}
		{495CA7F8-D258-467B-BAAF-A7E3E60D7628} = {C727680F-5F5C-4C20-9223-B414F388F18E}
		{5821C227-F330-4E5B-9A3E-55CC5984F9C6} = {C727680F-5F5C-4C20-9223-B414F388F18E}
		{30CDF14D-16A9-4449-BD57-FC121C345209} = {E5F69959-1851-47E2-947F-1EE3B833A953}
		{E4F1740A-3763-4C4F-834B-50EB7CA44E30} = {D6C1523B-ACCF-4CE0-857C-F7754C4C7E76}
		{7A8BEAFB-4E83-4CC3-B011-2BD3A8100F4E} = {D6C1523B-ACCF-4CE0-857C-F7754C4C7E76}
		{3E299D1B-E3D9-469B-8B45-D668B387DEBA} = {D6C1523B-ACCF-4CE0-857C-F7754C4C7E76}
		{CEBB7C46-765F-428A-8A72-5F65095965DE} = {D6C1523B-ACCF-4CE0-857C-F7754C4C7E76}
		{B474F3BC-FF76-4581-BF0F-93E68B709A97} = {D6C1523B-ACCF-4CE0-857C-F7754C4C7E76}
		{155076EA-AC21-40B0-BC66-51FAE5870F93} = {ECD9E783-4097-4816-8F9E-3ED1B925A319}
		{9F587B38-ECB7-4606-A2FB-87D3EFF89540} = {ECD9E783-4097-4816-8F9E-3ED1B925A319}
		{E5A58983-EB97-4EE0-A5B3-2AE6601285A4} = {E5706096-B18B-4001-A30C-B02236D4A697}
		{EA48AB69-6466-483B-8382-6F5CFA43C23F} = {4217BD1A-2712-409A-94DC-D494289D7F91}
		{F685CAD6-E5BF-4B24-972B-2F6805E0BD63} = {4217BD1A-2712-409A-94DC-D494289D7F91}
		{703EBB98-D01C-43DD-A028-ED6D89345C22} = {4B4E9A90-BAAA-47F3-A70D-F9A4B9D6E645}
		{6D7FE503-A7B7-48F5-A09C-754A0AED7166} = {673B6C66-4E18-4CE1-AF95-697E34F9244A}
		{3D9A167C-8081-4354-8266-20471F64D866} = {673B6C66-4E18-4CE1-AF95-697E34F9244A}
		{ED1C4A94-46A2-4E96-9167-C906CB4D80EB} = {673B6C66-4E18-4CE1-AF95-697E34F9244A}
		{3972A559-5A16-43C9-A1E3-5C743A1799D8} = {673B6C66-4E18-4CE1-AF95-697E34F9244A}
		{3D09AC9E-48EB-4266-A8F5-5F844FBD548A} = {912E3A31-2C49-4486-A109-933A2F2DAF5B}
		{2BFBEC08-A1E7-493B-A0AB-FB101B4811B7} = {3D09AC9E-48EB-4266-A8F5-5F844FBD548A}
		{FCAE8810-0735-4A82-942C-C7A802233A2F} = {3D09AC9E-48EB-4266-A8F5-5F844FBD548A}
		{975CC78A-FD7B-4411-AA72-25BACF22342A} = {912E3A31-2C49-4486-A109-933A2F2DAF5B}
	EndGlobalSection
EndGlobal
