
Microsoft Visual Studio Solution File, Format Version 12.00
# Visual Studio Version 17
VisualStudioVersion = 17.8.34330.188
MinimumVisualStudioVersion = 10.0.40219.1
Project("{9A19103F-16F7-4668-BE54-9A1E7A4F7556}") = "HelloWorld", "HelloWorld\HelloWorld.csproj", "{6D7FE503-A7B7-48F5-A09C-754A0AED7166}"
EndProject
Project("{9A19103F-16F7-4668-BE54-9A1E7A4F7556}") = "HelloWorldNet5", "HelloWorldNet5\HelloWorldNet5.csproj", "{3D9A167C-8081-4354-8266-20471F64D866}"
EndProject
Project("{9A19103F-16F7-4668-BE54-9A1E7A4F7556}") = "ConsolePractice", "ConsolePractice\ConsolePractice.csproj", "{3972A559-5A16-43C9-A1E3-5C743A1799D8}"
EndProject
Project("{9A19103F-16F7-4668-BE54-9A1E7A4F7556}") = "PlannedConsoleApp", "PlannedConsoleApp\PlannedConsoleApp.csproj", "{ED1C4A94-46A2-4E96-9167-C906CB4D80EB}"
EndProject
Project("{9A19103F-16F7-4668-BE54-9A1E7A4F7556}") = "StringPractice", "StringPractice\StringPractice.csproj", "{D0FCBE87-0139-431C-B75F-B0380D2A1B80}"
EndProject
Project("{9A19103F-16F7-4668-BE54-9A1E7A4F7556}") = "IntPractice", "IntPractice\IntPractice.csproj", "{1D54ABB7-D911-4005-B141-13E566494E00}"
EndProject
Project("{9A19103F-16F7-4668-BE54-9A1E7A4F7556}") = "DoublePractice", "DoublePractice\DoublePractice.csproj", "{AB018EBD-0C16-4E3E-AE78-B06E843ECE34}"
EndProject
Project("{9A19103F-16F7-4668-BE54-9A1E7A4F7556}") = "DecimalPractice", "DecimalPractice\DecimalPractice.csproj", "{F0D74E30-5825-459C-B8BC-79F8D595598D}"
EndProject
Project("{9A19103F-16F7-4668-BE54-9A1E7A4F7556}") = "BoolAndNullPractice", "BoolAndNullPractice\BoolAndNullPractice.csproj", "{97B5D787-EF40-4402-81C1-C349C25BA6D6}"
EndProject
Project("{9A19103F-16F7-4668-BE54-9A1E7A4F7556}") = "VariablesHomework", "VariablesHomework\VariablesHomework.csproj", "{B1ABD347-679B-41F2-A8B3-04A09F5C9FAC}"
EndProject
Project("{9A19103F-16F7-4668-BE54-9A1E7A4F7556}") = "DateTimePractice", "DateTimePractice\DateTimePractice.csproj", "{5576DD51-1D82-4F4D-90FF-F10CDAEA1EDB}"
EndProject
Project("{9A19103F-16F7-4668-BE54-9A1E7A4F7556}") = "DateOnlyTimeOnlyPractice", "DateOnlyTimeOnlyPractice\DateOnlyTimeOnlyPractice.csproj", "{DEDE33A7-174C-4D99-A228-C4368F7C4D84}"
EndProject
Project("{9A19103F-16F7-4668-BE54-9A1E7A4F7556}") = "TypeConversionsPractice", "TypeConversionsPractice\TypeConversionsPractice.csproj", "{2622ADE0-0692-4221-83E5-F3CAC19D61E7}"
EndProject
Project("{FAE04EC0-301F-11D3-BF4B-00C04F79EFBC}") = "TypeConversionsHomework", "TypeConversionsHomework\TypeConversionsHomework.csproj", "{1A47C11F-27A7-4009-808F-32897077E583}"
EndProject
Global
	GlobalSection(SolutionConfigurationPlatforms) = preSolution
		Debug|Any CPU = Debug|Any CPU
		Release|Any CPU = Release|Any CPU
	EndGlobalSection
	GlobalSection(ProjectConfigurationPlatforms) = postSolution
		{6D7FE503-A7B7-48F5-A09C-754A0AED7166}.Debug|Any CPU.ActiveCfg = Debug|Any CPU
		{6D7FE503-A7B7-48F5-A09C-754A0AED7166}.Debug|Any CPU.Build.0 = Debug|Any CPU
		{6D7FE503-A7B7-48F5-A09C-754A0AED7166}.Release|Any CPU.ActiveCfg = Release|Any CPU
		{6D7FE503-A7B7-48F5-A09C-754A0AED7166}.Release|Any CPU.Build.0 = Release|Any CPU
		{3D9A167C-8081-4354-8266-20471F64D866}.Debug|Any CPU.ActiveCfg = Debug|Any CPU
		{3D9A167C-8081-4354-8266-20471F64D866}.Debug|Any CPU.Build.0 = Debug|Any CPU
		{3D9A167C-8081-4354-8266-20471F64D866}.Release|Any CPU.ActiveCfg = Release|Any CPU
		{3D9A167C-8081-4354-8266-20471F64D866}.Release|Any CPU.Build.0 = Release|Any CPU
		{3972A559-5A16-43C9-A1E3-5C743A1799D8}.Debug|Any CPU.ActiveCfg = Debug|Any CPU
		{3972A559-5A16-43C9-A1E3-5C743A1799D8}.Debug|Any CPU.Build.0 = Debug|Any CPU
		{3972A559-5A16-43C9-A1E3-5C743A1799D8}.Release|Any CPU.ActiveCfg = Release|Any CPU
		{3972A559-5A16-43C9-A1E3-5C743A1799D8}.Release|Any CPU.Build.0 = Release|Any CPU
		{ED1C4A94-46A2-4E96-9167-C906CB4D80EB}.Debug|Any CPU.ActiveCfg = Debug|Any CPU
		{ED1C4A94-46A2-4E96-9167-C906CB4D80EB}.Debug|Any CPU.Build.0 = Debug|Any CPU
		{ED1C4A94-46A2-4E96-9167-C906CB4D80EB}.Release|Any CPU.ActiveCfg = Release|Any CPU
		{ED1C4A94-46A2-4E96-9167-C906CB4D80EB}.Release|Any CPU.Build.0 = Release|Any CPU
		{D0FCBE87-0139-431C-B75F-B0380D2A1B80}.Debug|Any CPU.ActiveCfg = Debug|Any CPU
		{D0FCBE87-0139-431C-B75F-B0380D2A1B80}.Debug|Any CPU.Build.0 = Debug|Any CPU
		{D0FCBE87-0139-431C-B75F-B0380D2A1B80}.Release|Any CPU.ActiveCfg = Release|Any CPU
		{D0FCBE87-0139-431C-B75F-B0380D2A1B80}.Release|Any CPU.Build.0 = Release|Any CPU
		{1D54ABB7-D911-4005-B141-13E566494E00}.Debug|Any CPU.ActiveCfg = Debug|Any CPU
		{1D54ABB7-D911-4005-B141-13E566494E00}.Debug|Any CPU.Build.0 = Debug|Any CPU
		{1D54ABB7-D911-4005-B141-13E566494E00}.Release|Any CPU.ActiveCfg = Release|Any CPU
		{1D54ABB7-D911-4005-B141-13E566494E00}.Release|Any CPU.Build.0 = Release|Any CPU
		{AB018EBD-0C16-4E3E-AE78-B06E843ECE34}.Debug|Any CPU.ActiveCfg = Debug|Any CPU
		{AB018EBD-0C16-4E3E-AE78-B06E843ECE34}.Debug|Any CPU.Build.0 = Debug|Any CPU
		{AB018EBD-0C16-4E3E-AE78-B06E843ECE34}.Release|Any CPU.ActiveCfg = Release|Any CPU
		{AB018EBD-0C16-4E3E-AE78-B06E843ECE34}.Release|Any CPU.Build.0 = Release|Any CPU
		{F0D74E30-5825-459C-B8BC-79F8D595598D}.Debug|Any CPU.ActiveCfg = Debug|Any CPU
		{F0D74E30-5825-459C-B8BC-79F8D595598D}.Debug|Any CPU.Build.0 = Debug|Any CPU
		{F0D74E30-5825-459C-B8BC-79F8D595598D}.Release|Any CPU.ActiveCfg = Release|Any CPU
		{F0D74E30-5825-459C-B8BC-79F8D595598D}.Release|Any CPU.Build.0 = Release|Any CPU
		{97B5D787-EF40-4402-81C1-C349C25BA6D6}.Debug|Any CPU.ActiveCfg = Debug|Any CPU
		{97B5D787-EF40-4402-81C1-C349C25BA6D6}.Debug|Any CPU.Build.0 = Debug|Any CPU
		{97B5D787-EF40-4402-81C1-C349C25BA6D6}.Release|Any CPU.ActiveCfg = Release|Any CPU
		{97B5D787-EF40-4402-81C1-C349C25BA6D6}.Release|Any CPU.Build.0 = Release|Any CPU
		{B1ABD347-679B-41F2-A8B3-04A09F5C9FAC}.Debug|Any CPU.ActiveCfg = Debug|Any CPU
		{B1ABD347-679B-41F2-A8B3-04A09F5C9FAC}.Debug|Any CPU.Build.0 = Debug|Any CPU
		{B1ABD347-679B-41F2-A8B3-04A09F5C9FAC}.Release|Any CPU.ActiveCfg = Release|Any CPU
		{B1ABD347-679B-41F2-A8B3-04A09F5C9FAC}.Release|Any CPU.Build.0 = Release|Any CPU
		{5576DD51-1D82-4F4D-90FF-F10CDAEA1EDB}.Debug|Any CPU.ActiveCfg = Debug|Any CPU
		{5576DD51-1D82-4F4D-90FF-F10CDAEA1EDB}.Debug|Any CPU.Build.0 = Debug|Any CPU
		{5576DD51-1D82-4F4D-90FF-F10CDAEA1EDB}.Release|Any CPU.ActiveCfg = Release|Any CPU
		{5576DD51-1D82-4F4D-90FF-F10CDAEA1EDB}.Release|Any CPU.Build.0 = Release|Any CPU
		{DEDE33A7-174C-4D99-A228-C4368F7C4D84}.Debug|Any CPU.ActiveCfg = Debug|Any CPU
		{DEDE33A7-174C-4D99-A228-C4368F7C4D84}.Debug|Any CPU.Build.0 = Debug|Any CPU
		{DEDE33A7-174C-4D99-A228-C4368F7C4D84}.Release|Any CPU.ActiveCfg = Release|Any CPU
		{DEDE33A7-174C-4D99-A228-C4368F7C4D84}.Release|Any CPU.Build.0 = Release|Any CPU
		{2622ADE0-0692-4221-83E5-F3CAC19D61E7}.Debug|Any CPU.ActiveCfg = Debug|Any CPU
		{2622ADE0-0692-4221-83E5-F3CAC19D61E7}.Debug|Any CPU.Build.0 = Debug|Any CPU
		{2622ADE0-0692-4221-83E5-F3CAC19D61E7}.Release|Any CPU.ActiveCfg = Release|Any CPU
		{2622ADE0-0692-4221-83E5-F3CAC19D61E7}.Release|Any CPU.Build.0 = Release|Any CPU
		{1A47C11F-27A7-4009-808F-32897077E583}.Debug|Any CPU.ActiveCfg = Debug|Any CPU
		{1A47C11F-27A7-4009-808F-32897077E583}.Debug|Any CPU.Build.0 = Debug|Any CPU
		{1A47C11F-27A7-4009-808F-32897077E583}.Release|Any CPU.ActiveCfg = Release|Any CPU
		{1A47C11F-27A7-4009-808F-32897077E583}.Release|Any CPU.Build.0 = Release|Any CPU
	EndGlobalSection
	GlobalSection(SolutionProperties) = preSolution
		HideSolutionNode = FALSE
	EndGlobalSection
	GlobalSection(ExtensibilityGlobals) = postSolution
		SolutionGuid = {66D2C3C3-C8F7-4AE8-BEA4-C5615744E94B}
	EndGlobalSection
EndGlobal
