
Microsoft Visual Studio Solution File, Format Version 12.00
# Visual Studio Version 17
VisualStudioVersion = 17.8.34330.188
MinimumVisualStudioVersion = 10.0.40219.1
Project("{9A19103F-16F7-4668-BE54-9A1E7A4F7556}") = "HelloWorld", "HelloWorld\HelloWorld.csproj", "{6D7FE503-A7B7-48F5-A09C-754A0AED7166}"
EndProject
Project("{9A19103F-16F7-4668-BE54-9A1E7A4F7556}") = "HelloWorldNet5", "HelloWorldNet5\HelloWorldNet5.csproj", "{3D9A167C-8081-4354-8266-20471F64D866}"
EndProject
Project("{9A19103F-16F7-4668-BE54-9A1E7A4F7556}") = "ConsolePractice", "ConsolePractice\ConsolePractice.csproj", "{3972A559-5A16-43C9-A1E3-5C743A1799D8}"
EndProject
Project("{9A19103F-16F7-4668-BE54-9A1E7A4F7556}") = "PlannedConsoleApp", "PlannedConsoleApp\PlannedConsoleApp.csproj", "{ED1C4A94-46A2-4E96-9167-C906CB4D80EB}"
EndProject
Project("{9A19103F-16F7-4668-BE54-9A1E7A4F7556}") = "StringPractice", "StringPractice\StringPractice.csproj", "{D0FCBE87-0139-431C-B75F-B0380D2A1B80}"
EndProject
Project("{9A19103F-16F7-4668-BE54-9A1E7A4F7556}") = "IntPractice", "IntPractice\IntPractice.csproj", "{1D54ABB7-D911-4005-B141-13E566494E00}"
EndProject
Project("{9A19103F-16F7-4668-BE54-9A1E7A4F7556}") = "DoublePractice", "DoublePractice\DoublePractice.csproj", "{AB018EBD-0C16-4E3E-AE78-B06E843ECE34}"
EndProject
Project("{9A19103F-16F7-4668-BE54-9A1E7A4F7556}") = "DecimalPractice", "DecimalPractice\DecimalPractice.csproj", "{F0D74E30-5825-459C-B8BC-79F8D595598D}"
EndProject
Project("{9A19103F-16F7-4668-BE54-9A1E7A4F7556}") = "BoolAndNullPractice", "BoolAndNullPractice\BoolAndNullPractice.csproj", "{97B5D787-EF40-4402-81C1-C349C25BA6D6}"
EndProject
Project("{9A19103F-16F7-4668-BE54-9A1E7A4F7556}") = "VariablesHomework", "VariablesHomework\VariablesHomework.csproj", "{B1ABD347-679B-41F2-A8B3-04A09F5C9FAC}"
EndProject
Project("{9A19103F-16F7-4668-BE54-9A1E7A4F7556}") = "DateTimePractice", "DateTimePractice\DateTimePractice.csproj", "{5576DD51-1D82-4F4D-90FF-F10CDAEA1EDB}"
EndProject
Project("{9A19103F-16F7-4668-BE54-9A1E7A4F7556}") = "DateOnlyTimeOnlyPractice", "DateOnlyTimeOnlyPractice\DateOnlyTimeOnlyPractice.csproj", "{DEDE33A7-174C-4D99-A228-C4368F7C4D84}"
EndProject
Project("{9A19103F-16F7-4668-BE54-9A1E7A4F7556}") = "TypeConversionsPractice", "TypeConversionsPractice\TypeConversionsPractice.csproj", "{2622ADE0-0692-4221-83E5-F3CAC19D61E7}"
EndProject
Project("{9A19103F-16F7-4668-BE54-9A1E7A4F7556}") = "TypeConversionsHomework", "TypeConversionsHomework\TypeConversionsHomework.csproj", "{1A47C11F-27A7-4009-808F-32897077E583}"
EndProject
Project("{9A19103F-16F7-4668-BE54-9A1E7A4F7556}") = "BasicIfStatementsPractice", "BasicIfStatementsPractice\BasicIfStatementsPractice.csproj", "{4F039EAD-4579-4D55-ACA8-FA4FF6C95F5F}"
EndProject
Project("{9A19103F-16F7-4668-BE54-9A1E7A4F7556}") = "SwitchPractice", "SwitchPractice\SwitchPractice.csproj", "{5821C227-F330-4E5B-9A3E-55CC5984F9C6}"
EndProject
Project("{9A19103F-16F7-4668-BE54-9A1E7A4F7556}") = "ConditionalStatementsHomework", "ConditionalStatementsHomework\ConditionalStatementsHomework.csproj", "{495CA7F8-D258-467B-BAAF-A7E3E60D7628}"
EndProject
Project("{9A19103F-16F7-4668-BE54-9A1E7A4F7556}") = "StudentCheckMiniProject", "StudentCheckMiniProject\StudentCheckMiniProject.csproj", "{30CDF14D-16A9-4449-BD57-FC121C345209}"
EndProject
Project("{9A19103F-16F7-4668-BE54-9A1E7A4F7556}") = "WhileLoopHomework", "WhileLoopHomework\WhileLoopHomework.csproj", "{CEBB7C46-765F-428A-8A72-5F65095965DE}"
EndProject
Project("{9A19103F-16F7-4668-BE54-9A1E7A4F7556}") = "ArraysHomework", "ArraysHomework\ArraysHomework.csproj", "{E4F1740A-3763-4C4F-834B-50EB7CA44E30}"
EndProject
Project("{9A19103F-16F7-4668-BE54-9A1E7A4F7556}") = "ListsHomework", "ListsHomework\ListsHomework.csproj", "{3E299D1B-E3D9-469B-8B45-D668B387DEBA}"
EndProject
Project("{9A19103F-16F7-4668-BE54-9A1E7A4F7556}") = "DictionariesHomework", "DictionariesHomework\DictionariesHomework.csproj", "{B474F3BC-FF76-4581-BF0F-93E68B709A97}"
EndProject
Project("{9A19103F-16F7-4668-BE54-9A1E7A4F7556}") = "ForLoopsHomework", "ForLoopsHomework\ForLoopsHomework.csproj", "{7A8BEAFB-4E83-4CC3-B011-2BD3A8100F4E}"
EndProject
Project("{9A19103F-16F7-4668-BE54-9A1E7A4F7556}") = "TuplesPractice", "TuplesPractice\TuplesPractice.csproj", "{9F587B38-ECB7-4606-A2FB-87D3EFF89540}"
EndProject
Project("{9A19103F-16F7-4668-BE54-9A1E7A4F7556}") = "MethodsHomework", "MethodsHomework\MethodsHomework.csproj", "{155076EA-AC21-40B0-BC66-51FAE5870F93}"
EndProject
Project("{9A19103F-16F7-4668-BE54-9A1E7A4F7556}") = "GuestBookMiniProject", "GuestBookMiniProject\GuestBookMiniProject.csproj", "{E5A58983-EB97-4EE0-A5B3-2AE6601285A4}"
EndProject
Project("{9A19103F-16F7-4668-BE54-9A1E7A4F7556}") = "BreakpointsPractice", "BreakpointsPractice\BreakpointsPractice.csproj", "{EA48AB69-6466-483B-8382-6F5CFA43C23F}"
EndProject
Project("{9A19103F-16F7-4668-BE54-9A1E7A4F7556}") = "ExceptionsPractice", "ExceptionsPractice\ExceptionsPractice.csproj", "{F685CAD6-E5BF-4B24-972B-2F6805E0BD63}"
EndProject
Project("{9A19103F-16F7-4668-BE54-9A1E7A4F7556}") = "ConsoleRequestDataLibrary", "ConsoleRequestDataLibrary\ConsoleRequestDataLibrary.csproj", "{73F4D252-40DA-4DF6-AAA1-FDBF6BB95DA4}"
EndProject
Project("{9A19103F-16F7-4668-BE54-9A1E7A4F7556}") = "InstantiatedClassesHomework", "InstantiatedClassesHomework\InstantiatedClassesHomework.csproj", "{703EBB98-D01C-43DD-A028-ED6D89345C22}"
EndProject
Project("{2150E333-8FDC-42A3-9474-1A3956D46DE8}") = "Battleships", "Battleships", "{9B0DA667-8E50-4261-A390-1F1421D65527}"
EndProject
Project("{FAE04EC0-301F-11D3-BF4B-00C04F79EFBC}") = "BattleshipsUI", "BattleshipsUI\BattleshipsUI.csproj", "{F43ABD22-701A-416D-9125-7A05EF84AC22}"
EndProject
Project("{FAE04EC0-301F-11D3-BF4B-00C04F79EFBC}") = "BattleshipsLibrary", "BattleshipsLibrary\BattleshipsLibrary.csproj", "{AE9F898F-619C-425F-9E13-7FF503D6F813}"
EndProject
Global
	GlobalSection(SolutionConfigurationPlatforms) = preSolution
		Debug|Any CPU = Debug|Any CPU
		Release|Any CPU = Release|Any CPU
	EndGlobalSection
	GlobalSection(ProjectConfigurationPlatforms) = postSolution
		{6D7FE503-A7B7-48F5-A09C-754A0AED7166}.Debug|Any CPU.ActiveCfg = Debug|Any CPU
		{6D7FE503-A7B7-48F5-A09C-754A0AED7166}.Debug|Any CPU.Build.0 = Debug|Any CPU
		{6D7FE503-A7B7-48F5-A09C-754A0AED7166}.Release|Any CPU.ActiveCfg = Release|Any CPU
		{6D7FE503-A7B7-48F5-A09C-754A0AED7166}.Release|Any CPU.Build.0 = Release|Any CPU
		{3D9A167C-8081-4354-8266-20471F64D866}.Debug|Any CPU.ActiveCfg = Debug|Any CPU
		{3D9A167C-8081-4354-8266-20471F64D866}.Debug|Any CPU.Build.0 = Debug|Any CPU
		{3D9A167C-8081-4354-8266-20471F64D866}.Release|Any CPU.ActiveCfg = Release|Any CPU
		{3D9A167C-8081-4354-8266-20471F64D866}.Release|Any CPU.Build.0 = Release|Any CPU
		{3972A559-5A16-43C9-A1E3-5C743A1799D8}.Debug|Any CPU.ActiveCfg = Debug|Any CPU
		{3972A559-5A16-43C9-A1E3-5C743A1799D8}.Debug|Any CPU.Build.0 = Debug|Any CPU
		{3972A559-5A16-43C9-A1E3-5C743A1799D8}.Release|Any CPU.ActiveCfg = Release|Any CPU
		{3972A559-5A16-43C9-A1E3-5C743A1799D8}.Release|Any CPU.Build.0 = Release|Any CPU
		{ED1C4A94-46A2-4E96-9167-C906CB4D80EB}.Debug|Any CPU.ActiveCfg = Debug|Any CPU
		{ED1C4A94-46A2-4E96-9167-C906CB4D80EB}.Debug|Any CPU.Build.0 = Debug|Any CPU
		{ED1C4A94-46A2-4E96-9167-C906CB4D80EB}.Release|Any CPU.ActiveCfg = Release|Any CPU
		{ED1C4A94-46A2-4E96-9167-C906CB4D80EB}.Release|Any CPU.Build.0 = Release|Any CPU
		{D0FCBE87-0139-431C-B75F-B0380D2A1B80}.Debug|Any CPU.ActiveCfg = Debug|Any CPU
		{D0FCBE87-0139-431C-B75F-B0380D2A1B80}.Debug|Any CPU.Build.0 = Debug|Any CPU
		{D0FCBE87-0139-431C-B75F-B0380D2A1B80}.Release|Any CPU.ActiveCfg = Release|Any CPU
		{D0FCBE87-0139-431C-B75F-B0380D2A1B80}.Release|Any CPU.Build.0 = Release|Any CPU
		{1D54ABB7-D911-4005-B141-13E566494E00}.Debug|Any CPU.ActiveCfg = Debug|Any CPU
		{1D54ABB7-D911-4005-B141-13E566494E00}.Debug|Any CPU.Build.0 = Debug|Any CPU
		{1D54ABB7-D911-4005-B141-13E566494E00}.Release|Any CPU.ActiveCfg = Release|Any CPU
		{1D54ABB7-D911-4005-B141-13E566494E00}.Release|Any CPU.Build.0 = Release|Any CPU
		{AB018EBD-0C16-4E3E-AE78-B06E843ECE34}.Debug|Any CPU.ActiveCfg = Debug|Any CPU
		{AB018EBD-0C16-4E3E-AE78-B06E843ECE34}.Debug|Any CPU.Build.0 = Debug|Any CPU
		{AB018EBD-0C16-4E3E-AE78-B06E843ECE34}.Release|Any CPU.ActiveCfg = Release|Any CPU
		{AB018EBD-0C16-4E3E-AE78-B06E843ECE34}.Release|Any CPU.Build.0 = Release|Any CPU
		{F0D74E30-5825-459C-B8BC-79F8D595598D}.Debug|Any CPU.ActiveCfg = Debug|Any CPU
		{F0D74E30-5825-459C-B8BC-79F8D595598D}.Debug|Any CPU.Build.0 = Debug|Any CPU
		{F0D74E30-5825-459C-B8BC-79F8D595598D}.Release|Any CPU.ActiveCfg = Release|Any CPU
		{F0D74E30-5825-459C-B8BC-79F8D595598D}.Release|Any CPU.Build.0 = Release|Any CPU
		{97B5D787-EF40-4402-81C1-C349C25BA6D6}.Debug|Any CPU.ActiveCfg = Debug|Any CPU
		{97B5D787-EF40-4402-81C1-C349C25BA6D6}.Debug|Any CPU.Build.0 = Debug|Any CPU
		{97B5D787-EF40-4402-81C1-C349C25BA6D6}.Release|Any CPU.ActiveCfg = Release|Any CPU
		{97B5D787-EF40-4402-81C1-C349C25BA6D6}.Release|Any CPU.Build.0 = Release|Any CPU
		{B1ABD347-679B-41F2-A8B3-04A09F5C9FAC}.Debug|Any CPU.ActiveCfg = Debug|Any CPU
		{B1ABD347-679B-41F2-A8B3-04A09F5C9FAC}.Debug|Any CPU.Build.0 = Debug|Any CPU
		{B1ABD347-679B-41F2-A8B3-04A09F5C9FAC}.Release|Any CPU.ActiveCfg = Release|Any CPU
		{B1ABD347-679B-41F2-A8B3-04A09F5C9FAC}.Release|Any CPU.Build.0 = Release|Any CPU
		{5576DD51-1D82-4F4D-90FF-F10CDAEA1EDB}.Debug|Any CPU.ActiveCfg = Debug|Any CPU
		{5576DD51-1D82-4F4D-90FF-F10CDAEA1EDB}.Debug|Any CPU.Build.0 = Debug|Any CPU
		{5576DD51-1D82-4F4D-90FF-F10CDAEA1EDB}.Release|Any CPU.ActiveCfg = Release|Any CPU
		{5576DD51-1D82-4F4D-90FF-F10CDAEA1EDB}.Release|Any CPU.Build.0 = Release|Any CPU
		{DEDE33A7-174C-4D99-A228-C4368F7C4D84}.Debug|Any CPU.ActiveCfg = Debug|Any CPU
		{DEDE33A7-174C-4D99-A228-C4368F7C4D84}.Debug|Any CPU.Build.0 = Debug|Any CPU
		{DEDE33A7-174C-4D99-A228-C4368F7C4D84}.Release|Any CPU.ActiveCfg = Release|Any CPU
		{DEDE33A7-174C-4D99-A228-C4368F7C4D84}.Release|Any CPU.Build.0 = Release|Any CPU
		{2622ADE0-0692-4221-83E5-F3CAC19D61E7}.Debug|Any CPU.ActiveCfg = Debug|Any CPU
		{2622ADE0-0692-4221-83E5-F3CAC19D61E7}.Debug|Any CPU.Build.0 = Debug|Any CPU
		{2622ADE0-0692-4221-83E5-F3CAC19D61E7}.Release|Any CPU.ActiveCfg = Release|Any CPU
		{2622ADE0-0692-4221-83E5-F3CAC19D61E7}.Release|Any CPU.Build.0 = Release|Any CPU
		{1A47C11F-27A7-4009-808F-32897077E583}.Debug|Any CPU.ActiveCfg = Debug|Any CPU
		{1A47C11F-27A7-4009-808F-32897077E583}.Debug|Any CPU.Build.0 = Debug|Any CPU
		{1A47C11F-27A7-4009-808F-32897077E583}.Release|Any CPU.ActiveCfg = Release|Any CPU
		{1A47C11F-27A7-4009-808F-32897077E583}.Release|Any CPU.Build.0 = Release|Any CPU
		{4F039EAD-4579-4D55-ACA8-FA4FF6C95F5F}.Debug|Any CPU.ActiveCfg = Debug|Any CPU
		{4F039EAD-4579-4D55-ACA8-FA4FF6C95F5F}.Debug|Any CPU.Build.0 = Debug|Any CPU
		{4F039EAD-4579-4D55-ACA8-FA4FF6C95F5F}.Release|Any CPU.ActiveCfg = Release|Any CPU
		{4F039EAD-4579-4D55-ACA8-FA4FF6C95F5F}.Release|Any CPU.Build.0 = Release|Any CPU
		{5821C227-F330-4E5B-9A3E-55CC5984F9C6}.Debug|Any CPU.ActiveCfg = Debug|Any CPU
		{5821C227-F330-4E5B-9A3E-55CC5984F9C6}.Debug|Any CPU.Build.0 = Debug|Any CPU
		{5821C227-F330-4E5B-9A3E-55CC5984F9C6}.Release|Any CPU.ActiveCfg = Release|Any CPU
		{5821C227-F330-4E5B-9A3E-55CC5984F9C6}.Release|Any CPU.Build.0 = Release|Any CPU
		{495CA7F8-D258-467B-BAAF-A7E3E60D7628}.Debug|Any CPU.ActiveCfg = Debug|Any CPU
		{495CA7F8-D258-467B-BAAF-A7E3E60D7628}.Debug|Any CPU.Build.0 = Debug|Any CPU
		{495CA7F8-D258-467B-BAAF-A7E3E60D7628}.Release|Any CPU.ActiveCfg = Release|Any CPU
		{495CA7F8-D258-467B-BAAF-A7E3E60D7628}.Release|Any CPU.Build.0 = Release|Any CPU
		{30CDF14D-16A9-4449-BD57-FC121C345209}.Debug|Any CPU.ActiveCfg = Debug|Any CPU
		{30CDF14D-16A9-4449-BD57-FC121C345209}.Debug|Any CPU.Build.0 = Debug|Any CPU
		{30CDF14D-16A9-4449-BD57-FC121C345209}.Release|Any CPU.ActiveCfg = Release|Any CPU
		{30CDF14D-16A9-4449-BD57-FC121C345209}.Release|Any CPU.Build.0 = Release|Any CPU
		{CEBB7C46-765F-428A-8A72-5F65095965DE}.Debug|Any CPU.ActiveCfg = Debug|Any CPU
		{CEBB7C46-765F-428A-8A72-5F65095965DE}.Debug|Any CPU.Build.0 = Debug|Any CPU
		{CEBB7C46-765F-428A-8A72-5F65095965DE}.Release|Any CPU.ActiveCfg = Release|Any CPU
		{CEBB7C46-765F-428A-8A72-5F65095965DE}.Release|Any CPU.Build.0 = Release|Any CPU
		{E4F1740A-3763-4C4F-834B-50EB7CA44E30}.Debug|Any CPU.ActiveCfg = Debug|Any CPU
		{E4F1740A-3763-4C4F-834B-50EB7CA44E30}.Debug|Any CPU.Build.0 = Debug|Any CPU
		{E4F1740A-3763-4C4F-834B-50EB7CA44E30}.Release|Any CPU.ActiveCfg = Release|Any CPU
		{E4F1740A-3763-4C4F-834B-50EB7CA44E30}.Release|Any CPU.Build.0 = Release|Any CPU
		{3E299D1B-E3D9-469B-8B45-D668B387DEBA}.Debug|Any CPU.ActiveCfg = Debug|Any CPU
		{3E299D1B-E3D9-469B-8B45-D668B387DEBA}.Debug|Any CPU.Build.0 = Debug|Any CPU
		{3E299D1B-E3D9-469B-8B45-D668B387DEBA}.Release|Any CPU.ActiveCfg = Release|Any CPU
		{3E299D1B-E3D9-469B-8B45-D668B387DEBA}.Release|Any CPU.Build.0 = Release|Any CPU
		{B474F3BC-FF76-4581-BF0F-93E68B709A97}.Debug|Any CPU.ActiveCfg = Debug|Any CPU
		{B474F3BC-FF76-4581-BF0F-93E68B709A97}.Debug|Any CPU.Build.0 = Debug|Any CPU
		{B474F3BC-FF76-4581-BF0F-93E68B709A97}.Release|Any CPU.ActiveCfg = Release|Any CPU
		{B474F3BC-FF76-4581-BF0F-93E68B709A97}.Release|Any CPU.Build.0 = Release|Any CPU
		{7A8BEAFB-4E83-4CC3-B011-2BD3A8100F4E}.Debug|Any CPU.ActiveCfg = Debug|Any CPU
		{7A8BEAFB-4E83-4CC3-B011-2BD3A8100F4E}.Debug|Any CPU.Build.0 = Debug|Any CPU
		{7A8BEAFB-4E83-4CC3-B011-2BD3A8100F4E}.Release|Any CPU.ActiveCfg = Release|Any CPU
		{7A8BEAFB-4E83-4CC3-B011-2BD3A8100F4E}.Release|Any CPU.Build.0 = Release|Any CPU
		{9F587B38-ECB7-4606-A2FB-87D3EFF89540}.Debug|Any CPU.ActiveCfg = Debug|Any CPU
		{9F587B38-ECB7-4606-A2FB-87D3EFF89540}.Debug|Any CPU.Build.0 = Debug|Any CPU
		{9F587B38-ECB7-4606-A2FB-87D3EFF89540}.Release|Any CPU.ActiveCfg = Release|Any CPU
		{9F587B38-ECB7-4606-A2FB-87D3EFF89540}.Release|Any CPU.Build.0 = Release|Any CPU
		{155076EA-AC21-40B0-BC66-51FAE5870F93}.Debug|Any CPU.ActiveCfg = Debug|Any CPU
		{155076EA-AC21-40B0-BC66-51FAE5870F93}.Debug|Any CPU.Build.0 = Debug|Any CPU
		{155076EA-AC21-40B0-BC66-51FAE5870F93}.Release|Any CPU.ActiveCfg = Release|Any CPU
		{155076EA-AC21-40B0-BC66-51FAE5870F93}.Release|Any CPU.Build.0 = Release|Any CPU
		{E5A58983-EB97-4EE0-A5B3-2AE6601285A4}.Debug|Any CPU.ActiveCfg = Debug|Any CPU
		{E5A58983-EB97-4EE0-A5B3-2AE6601285A4}.Debug|Any CPU.Build.0 = Debug|Any CPU
		{E5A58983-EB97-4EE0-A5B3-2AE6601285A4}.Release|Any CPU.ActiveCfg = Release|Any CPU
		{E5A58983-EB97-4EE0-A5B3-2AE6601285A4}.Release|Any CPU.Build.0 = Release|Any CPU
		{EA48AB69-6466-483B-8382-6F5CFA43C23F}.Debug|Any CPU.ActiveCfg = Debug|Any CPU
		{EA48AB69-6466-483B-8382-6F5CFA43C23F}.Debug|Any CPU.Build.0 = Debug|Any CPU
		{EA48AB69-6466-483B-8382-6F5CFA43C23F}.Release|Any CPU.ActiveCfg = Release|Any CPU
		{EA48AB69-6466-483B-8382-6F5CFA43C23F}.Release|Any CPU.Build.0 = Release|Any CPU
		{F685CAD6-E5BF-4B24-972B-2F6805E0BD63}.Debug|Any CPU.ActiveCfg = Debug|Any CPU
		{F685CAD6-E5BF-4B24-972B-2F6805E0BD63}.Debug|Any CPU.Build.0 = Debug|Any CPU
		{F685CAD6-E5BF-4B24-972B-2F6805E0BD63}.Release|Any CPU.ActiveCfg = Release|Any CPU
		{F685CAD6-E5BF-4B24-972B-2F6805E0BD63}.Release|Any CPU.Build.0 = Release|Any CPU
		{73F4D252-40DA-4DF6-AAA1-FDBF6BB95DA4}.Debug|Any CPU.ActiveCfg = Debug|Any CPU
		{73F4D252-40DA-4DF6-AAA1-FDBF6BB95DA4}.Debug|Any CPU.Build.0 = Debug|Any CPU
		{73F4D252-40DA-4DF6-AAA1-FDBF6BB95DA4}.Release|Any CPU.ActiveCfg = Release|Any CPU
		{73F4D252-40DA-4DF6-AAA1-FDBF6BB95DA4}.Release|Any CPU.Build.0 = Release|Any CPU
		{703EBB98-D01C-43DD-A028-ED6D89345C22}.Debug|Any CPU.ActiveCfg = Debug|Any CPU
		{703EBB98-D01C-43DD-A028-ED6D89345C22}.Debug|Any CPU.Build.0 = Debug|Any CPU
		{703EBB98-D01C-43DD-A028-ED6D89345C22}.Release|Any CPU.ActiveCfg = Release|Any CPU
		{703EBB98-D01C-43DD-A028-ED6D89345C22}.Release|Any CPU.Build.0 = Release|Any CPU
		{F43ABD22-701A-416D-9125-7A05EF84AC22}.Debug|Any CPU.ActiveCfg = Debug|Any CPU
		{F43ABD22-701A-416D-9125-7A05EF84AC22}.Debug|Any CPU.Build.0 = Debug|Any CPU
		{F43ABD22-701A-416D-9125-7A05EF84AC22}.Release|Any CPU.ActiveCfg = Release|Any CPU
		{F43ABD22-701A-416D-9125-7A05EF84AC22}.Release|Any CPU.Build.0 = Release|Any CPU
		{AE9F898F-619C-425F-9E13-7FF503D6F813}.Debug|Any CPU.ActiveCfg = Debug|Any CPU
		{AE9F898F-619C-425F-9E13-7FF503D6F813}.Debug|Any CPU.Build.0 = Debug|Any CPU
		{AE9F898F-619C-425F-9E13-7FF503D6F813}.Release|Any CPU.ActiveCfg = Release|Any CPU
		{AE9F898F-619C-425F-9E13-7FF503D6F813}.Release|Any CPU.Build.0 = Release|Any CPU
	EndGlobalSection
	GlobalSection(SolutionProperties) = preSolution
		HideSolutionNode = FALSE
	EndGlobalSection
	GlobalSection(ExtensibilityGlobals) = postSolution
		SolutionGuid = {66D2C3C3-C8F7-4AE8-BEA4-C5615744E94B}
	EndGlobalSection
	GlobalSection(NestedProjects) = preSolution
		{F43ABD22-701A-416D-9125-7A05EF84AC22} = {9B0DA667-8E50-4261-A390-1F1421D65527}
		{AE9F898F-619C-425F-9E13-7FF503D6F813} = {9B0DA667-8E50-4261-A390-1F1421D65527}
	EndGlobalSection
EndGlobal
